PODS:
  - ReSwift (4.0.1)
  - SwiftLCS (1.3.3):
    - SwiftLCS/Core (= 1.3.3)
  - SwiftLCS/Core (1.3.3)
  - Toast-Swift (4.0.0)

DEPENDENCIES:
  - ReSwift
  - SwiftLCS
  - Toast-Swift

SPEC REPOS:
  https://github.com/cocoapods/specs.git:
    - ReSwift
    - SwiftLCS
    - Toast-Swift

SPEC CHECKSUMS:
  ReSwift: f4012c613e13da7398827fe5aebdb938eaed40a3
  SwiftLCS: ff464ee5a4a5843a9b74aeaf156a3f6b8443e2f9
  Toast-Swift: 594b5c5e5129f15438e410207e43287f027b3c00

PODFILE CHECKSUM: 916ce71b15ae3861ec59de86006f8028644c0be2

COCOAPODS: 1.5.3
